
Microsoft Visual Studio Solution File, Format Version 12.00
# Visual Studio Version 17
VisualStudioVersion = 17.11.35222.181
MinimumVisualStudioVersion = 10.0.40219.1
Project("{FAE04EC0-301F-11D3-BF4B-00C04F79EFBC}") = "Week14OOP", "Week14OOP\Week14OOP.csproj", "{BDE894C4-1FD2-4399-9A19-6F18B9570A04}"
EndProject
Global
	GlobalSection(SolutionConfigurationPlatforms) = preSolution
		Debug|Any CPU = Debug|Any CPU
		Release|Any CPU = Release|Any CPU
	EndGlobalSection
	GlobalSection(ProjectConfigurationPlatforms) = postSolution
		{BDE894C4-1FD2-4399-9A19-6F18B9570A04}.Debug|Any CPU.ActiveCfg = Debug|Any CPU
		{BDE894C4-1FD2-4399-9A19-6F18B9570A04}.Debug|Any CPU.Build.0 = Debug|Any CPU
		{BDE894C4-1FD2-4399-9A19-6F18B9570A04}.Release|Any CPU.ActiveCfg = Release|Any CPU
		{BDE894C4-1FD2-4399-9A19-6F18B9570A04}.Release|Any CPU.Build.0 = Release|Any CPU
	EndGlobalSection
	GlobalSection(SolutionProperties) = preSolution
		HideSolutionNode = FALSE
	EndGlobalSection
	GlobalSection(ExtensibilityGlobals) = postSolution
		SolutionGuid = {F741E60A-6AE1-4F94-8523-C969F39C7642}
	EndGlobalSection
EndGlobal
